
Microsoft Visual Studio Solution File, Format Version 12.00
# Visual Studio 15
VisualStudioVersion = 15.0.26430.6
MinimumVisualStudioVersion = 10.0.40219.1
Project("{FAE04EC0-301F-11D3-BF4B-00C04F79EFBC}") = "TodoList.DataModel", "TodoList.DataModel\TodoList.DataModel.csproj", "{282085DF-65A0-4BA1-9C7E-03105D97373F}"
EndProject
Project("{FAE04EC0-301F-11D3-BF4B-00C04F79EFBC}") = "TodoList.Application", "TodoList.Application\TodoList.Application.csproj", "{450BF366-AA8A-4005-B872-D060CE37293E}"
EndProject
Global
	GlobalSection(SolutionConfigurationPlatforms) = preSolution
		Debug|Any CPU = Debug|Any CPU
		Release|Any CPU = Release|Any CPU
	EndGlobalSection
	GlobalSection(ProjectConfigurationPlatforms) = postSolution
		{282085DF-65A0-4BA1-9C7E-03105D97373F}.Debug|Any CPU.ActiveCfg = Debug|Any CPU
		{282085DF-65A0-4BA1-9C7E-03105D97373F}.Debug|Any CPU.Build.0 = Debug|Any CPU
		{282085DF-65A0-4BA1-9C7E-03105D97373F}.Release|Any CPU.ActiveCfg = Release|Any CPU
		{282085DF-65A0-4BA1-9C7E-03105D97373F}.Release|Any CPU.Build.0 = Release|Any CPU
		{450BF366-AA8A-4005-B872-D060CE37293E}.Debug|Any CPU.ActiveCfg = Debug|Any CPU
		{450BF366-AA8A-4005-B872-D060CE37293E}.Debug|Any CPU.Build.0 = Debug|Any CPU
		{450BF366-AA8A-4005-B872-D060CE37293E}.Release|Any CPU.ActiveCfg = Release|Any CPU
		{450BF366-AA8A-4005-B872-D060CE37293E}.Release|Any CPU.Build.0 = Release|Any CPU
	EndGlobalSection
	GlobalSection(SolutionProperties) = preSolution
		HideSolutionNode = FALSE
	EndGlobalSection
EndGlobal
